{
  "object": {
    "pins": [
      {
        "package": "AnyCodable",
        "repositoryURL": "https://github.com/Flight-School/AnyCodable",
        "state": {
          "branch": null,
          "revision": "6e9610258e9f1044b5e0d88545052846448b43c3",
          "version": "0.2.3"
        }
      },
      {
        "package": "Fluxor",
        "repositoryURL": "/Users/morten/MoGee/Projects/Fluxor/Fluxor",
        "state": {
          "branch": "master",
          "revision": "b5ac8092056396f798334196ed687a4bd8014b70",
          "version": null
        }
      }
    ]
  },
  "version": 1
}
