{
  "object": {
    "pins": [
      {
        "package": "AnyCodable",
        "repositoryURL": "https://github.com/Flight-School/AnyCodable",
        "state": {
          "branch": null,
          "revision": "6e9610258e9f1044b5e0d88545052846448b43c3",
          "version": "0.2.3"
        }
      },
      {
        "package": "Fluxor",
        "repositoryURL": "https://github.com/MortenGregersen/Fluxor",
        "state": {
          "branch": "master",
          "revision": "cbca85b12861ce8a1bacc7f92a016b5787d11f6a",
          "version": null
        }
      },
      {
        "package": "FluxorExplorerSnapshot",
        "repositoryURL": "https://github.com/MortenGregersen/FluxorExplorerSnapshot",
        "state": {
          "branch": "master",
          "revision": "b82c60ea6ca324ff0f5d71f5baef1417c675571a",
          "version": null
        }
      },
      {
        "package": "FluxorExplorerStoreInterceptor",
        "repositoryURL": "https://github.com/MortenGregersen/FluxorExplorerStoreInterceptor",
        "state": {
          "branch": "master",
          "revision": "0894b75d9391c2924fb505a0a08f7e5b091a2464",
          "version": null
        }
      },
      {
        "package": "ViewInspector",
        "repositoryURL": "https://github.com/nalexn/ViewInspector",
        "state": {
          "branch": null,
          "revision": "895cd52e82579a85a6473a557584a64a9077fe0b",
          "version": "0.2.3"
        }
      }
    ]
  },
  "version": 1
}
