{
  "object": {
    "pins": [
      {
        "package": "AnyCodable",
        "repositoryURL": "https://github.com/Flight-School/AnyCodable",
        "state": {
          "branch": null,
          "revision": "6e9610258e9f1044b5e0d88545052846448b43c3",
          "version": "0.2.3"
        }
      },
      {
        "package": "Fluxor",
        "repositoryURL": "https://github.com/MortenGregersen/Fluxor",
        "state": {
          "branch": "master",
          "revision": "b65eee0f6ab50b3b310ac76c9b3aa6dd7212c464",
          "version": null
        }
      },
      {
        "package": "FluxorExplorerInterceptor",
        "repositoryURL": "https://github.com/MortenGregersen/FluxorExplorerInterceptor",
        "state": {
          "branch": "master",
          "revision": "70b13ce14d96a8abd2005f58245068a3cb33af29",
          "version": null
        }
      },
      {
        "package": "FluxorExplorerSnapshot",
        "repositoryURL": "https://github.com/MortenGregersen/FluxorExplorerSnapshot",
        "state": {
          "branch": "master",
          "revision": "a78416d3f6c21c12ee1731067e778b6f2a5dcc96",
          "version": null
        }
      },
      {
        "package": "ViewInspector",
        "repositoryURL": "https://github.com/nalexn/ViewInspector",
        "state": {
          "branch": null,
          "revision": "ec943ed718cd293b95f17a2b81e8917d6ed70752",
          "version": "0.3.8"
        }
      }
    ]
  },
  "version": 1
}
